
Microsoft Visual Studio Solution File, Format Version 12.00
# Visual Studio 15
VisualStudioVersion = 15.0.28307.572
MinimumVisualStudioVersion = 10.0.40219.1
Project("{FAE04EC0-301F-11D3-BF4B-00C04F79EFBC}") = "AdvanCalculator", "AdvanCalculator\AdvanCalculator.csproj", "{1C4BCAAA-5542-4AC6-9647-D17BE6C1630D}"
EndProject
Global
	GlobalSection(SolutionConfigurationPlatforms) = preSolution
		Debug|Any CPU = Debug|Any CPU
		Release|Any CPU = Release|Any CPU
	EndGlobalSection
	GlobalSection(ProjectConfigurationPlatforms) = postSolution
		{1C4BCAAA-5542-4AC6-9647-D17BE6C1630D}.Debug|Any CPU.ActiveCfg = Debug|Any CPU
		{1C4BCAAA-5542-4AC6-9647-D17BE6C1630D}.Debug|Any CPU.Build.0 = Debug|Any CPU
		{1C4BCAAA-5542-4AC6-9647-D17BE6C1630D}.Release|Any CPU.ActiveCfg = Release|Any CPU
		{1C4BCAAA-5542-4AC6-9647-D17BE6C1630D}.Release|Any CPU.Build.0 = Release|Any CPU
	EndGlobalSection
	GlobalSection(SolutionProperties) = preSolution
		HideSolutionNode = FALSE
	EndGlobalSection
	GlobalSection(ExtensibilityGlobals) = postSolution
		SolutionGuid = {579C1D50-1B39-4A42-A1C1-F6FB77D5A759}
	EndGlobalSection
EndGlobal
